
Microsoft Visual Studio Solution File, Format Version 12.00
# Visual Studio Version 17
VisualStudioVersion = 17.2.32616.157
MinimumVisualStudioVersion = 10.0.40219.1
Project("{FAE04EC0-301F-11D3-BF4B-00C04F79EFBC}") = "mq-receiver-service", "mq-receiver-service\mq-receiver-service.csproj", "{91E559BF-AFB6-4251-AA9D-BD0997E8D4B9}"
EndProject
Global
	GlobalSection(SolutionConfigurationPlatforms) = preSolution
		Debug|Any CPU = Debug|Any CPU
		Release|Any CPU = Release|Any CPU
	EndGlobalSection
	GlobalSection(ProjectConfigurationPlatforms) = postSolution
		{91E559BF-AFB6-4251-AA9D-BD0997E8D4B9}.Debug|Any CPU.ActiveCfg = Debug|Any CPU
		{91E559BF-AFB6-4251-AA9D-BD0997E8D4B9}.Debug|Any CPU.Build.0 = Debug|Any CPU
		{91E559BF-AFB6-4251-AA9D-BD0997E8D4B9}.Release|Any CPU.ActiveCfg = Release|Any CPU
		{91E559BF-AFB6-4251-AA9D-BD0997E8D4B9}.Release|Any CPU.Build.0 = Release|Any CPU
	EndGlobalSection
	GlobalSection(SolutionProperties) = preSolution
		HideSolutionNode = FALSE
	EndGlobalSection
	GlobalSection(ExtensibilityGlobals) = postSolution
		SolutionGuid = {1A8C819F-63B3-450A-8F8E-76757CED82FE}
	EndGlobalSection
EndGlobal
